
Microsoft Visual Studio Solution File, Format Version 12.00
# Visual Studio Version 16
VisualStudioVersion = 16.0.32630.194
MinimumVisualStudioVersion = 10.0.40219.1
Project("{2150E333-8FDC-42A3-9474-1A3956D46DE8}") = "Doc", "Doc", "{D696A2CE-F8EE-4B7A-BD7C-60143FF51FF5}"
EndProject
Project("{2150E333-8FDC-42A3-9474-1A3956D46DE8}") = "Src", "Src", "{A6D65446-9B78-4C47-B47B-755B0AD34191}"
EndProject
Project("{2150E333-8FDC-42A3-9474-1A3956D46DE8}") = "Test", "Test", "{B2832712-E08A-4E8F-834A-1609E2A2EC8F}"
EndProject
Project("{2150E333-8FDC-42A3-9474-1A3956D46DE8}") = "Common", "Common", "{0B1B359D-583B-4219-9B29-18C86FE1E5E8}"
EndProject
Project("{2150E333-8FDC-42A3-9474-1A3956D46DE8}") = "Infrastructure", "Infrastructure", "{95A1440E-316F-418E-AECF-820DC3E8E0EA}"
EndProject
Project("{2150E333-8FDC-42A3-9474-1A3956D46DE8}") = "Presentation", "Presentation", "{D15FB30C-80BD-4029-B1E0-77AED9F379B4}"
EndProject
Project("{2150E333-8FDC-42A3-9474-1A3956D46DE8}") = "Core", "Core", "{A5D1F19D-C564-41F7-A2ED-3EFE83E4EB03}"
EndProject
Project("{9A19103F-16F7-4668-BE54-9A1E7A4F7556}") = "Dara_Store.Domain", "Dara_Store.Domain\Dara_Store.Domain.csproj", "{D6D2EF38-99EE-4F13-A4F3-6B5E81C52382}"
EndProject
Project("{9A19103F-16F7-4668-BE54-9A1E7A4F7556}") = "Dara_Store.Application", "Dara_Store.Application\Dara_Store.Application.csproj", "{AE30F081-F706-45EF-9276-32C4C9FD2099}"
EndProject
Project("{9A19103F-16F7-4668-BE54-9A1E7A4F7556}") = "Dara_Store.Common", "Dara_Store.Common\Dara_Store.Common.csproj", "{37765283-AC7D-4525-80C3-743EBDC0B19F}"
EndProject
Project("{9A19103F-16F7-4668-BE54-9A1E7A4F7556}") = "Dara_Store.Infrastructure", "Dara_Store.Infrastructure\Dara_Store.Infrastructure.csproj", "{99A4239F-01D8-4FD1-884E-0C239D795289}"
EndProject
Project("{9A19103F-16F7-4668-BE54-9A1E7A4F7556}") = "EndPoint.Site", "EndPoint.Site\EndPoint.Site.csproj", "{49B560DC-97FC-403D-9532-35C775295653}"
EndProject
Project("{9A19103F-16F7-4668-BE54-9A1E7A4F7556}") = "Dara_Store.Persistence", "Dara_Store.Persistence\Dara_Store.Persistence.csproj", "{45D878B0-34D6-49A2-9700-163A71D509EA}"
EndProject
Global
	GlobalSection(SolutionConfigurationPlatforms) = preSolution
		Debug|Any CPU = Debug|Any CPU
		Release|Any CPU = Release|Any CPU
	EndGlobalSection
	GlobalSection(ProjectConfigurationPlatforms) = postSolution
		{D6D2EF38-99EE-4F13-A4F3-6B5E81C52382}.Debug|Any CPU.ActiveCfg = Debug|Any CPU
		{D6D2EF38-99EE-4F13-A4F3-6B5E81C52382}.Debug|Any CPU.Build.0 = Debug|Any CPU
		{D6D2EF38-99EE-4F13-A4F3-6B5E81C52382}.Release|Any CPU.ActiveCfg = Release|Any CPU
		{D6D2EF38-99EE-4F13-A4F3-6B5E81C52382}.Release|Any CPU.Build.0 = Release|Any CPU
		{AE30F081-F706-45EF-9276-32C4C9FD2099}.Debug|Any CPU.ActiveCfg = Debug|Any CPU
		{AE30F081-F706-45EF-9276-32C4C9FD2099}.Debug|Any CPU.Build.0 = Debug|Any CPU
		{AE30F081-F706-45EF-9276-32C4C9FD2099}.Release|Any CPU.ActiveCfg = Release|Any CPU
		{AE30F081-F706-45EF-9276-32C4C9FD2099}.Release|Any CPU.Build.0 = Release|Any CPU
		{37765283-AC7D-4525-80C3-743EBDC0B19F}.Debug|Any CPU.ActiveCfg = Debug|Any CPU
		{37765283-AC7D-4525-80C3-743EBDC0B19F}.Debug|Any CPU.Build.0 = Debug|Any CPU
		{37765283-AC7D-4525-80C3-743EBDC0B19F}.Release|Any CPU.ActiveCfg = Release|Any CPU
		{37765283-AC7D-4525-80C3-743EBDC0B19F}.Release|Any CPU.Build.0 = Release|Any CPU
		{99A4239F-01D8-4FD1-884E-0C239D795289}.Debug|Any CPU.ActiveCfg = Debug|Any CPU
		{99A4239F-01D8-4FD1-884E-0C239D795289}.Debug|Any CPU.Build.0 = Debug|Any CPU
		{99A4239F-01D8-4FD1-884E-0C239D795289}.Release|Any CPU.ActiveCfg = Release|Any CPU
		{99A4239F-01D8-4FD1-884E-0C239D795289}.Release|Any CPU.Build.0 = Release|Any CPU
		{49B560DC-97FC-403D-9532-35C775295653}.Debug|Any CPU.ActiveCfg = Debug|Any CPU
		{49B560DC-97FC-403D-9532-35C775295653}.Debug|Any CPU.Build.0 = Debug|Any CPU
		{49B560DC-97FC-403D-9532-35C775295653}.Release|Any CPU.ActiveCfg = Release|Any CPU
		{49B560DC-97FC-403D-9532-35C775295653}.Release|Any CPU.Build.0 = Release|Any CPU
		{45D878B0-34D6-49A2-9700-163A71D509EA}.Debug|Any CPU.ActiveCfg = Debug|Any CPU
		{45D878B0-34D6-49A2-9700-163A71D509EA}.Debug|Any CPU.Build.0 = Debug|Any CPU
		{45D878B0-34D6-49A2-9700-163A71D509EA}.Release|Any CPU.ActiveCfg = Release|Any CPU
		{45D878B0-34D6-49A2-9700-163A71D509EA}.Release|Any CPU.Build.0 = Release|Any CPU
	EndGlobalSection
	GlobalSection(SolutionProperties) = preSolution
		HideSolutionNode = FALSE
	EndGlobalSection
	GlobalSection(NestedProjects) = preSolution
		{0B1B359D-583B-4219-9B29-18C86FE1E5E8} = {A6D65446-9B78-4C47-B47B-755B0AD34191}
		{95A1440E-316F-418E-AECF-820DC3E8E0EA} = {A6D65446-9B78-4C47-B47B-755B0AD34191}
		{D15FB30C-80BD-4029-B1E0-77AED9F379B4} = {A6D65446-9B78-4C47-B47B-755B0AD34191}
		{A5D1F19D-C564-41F7-A2ED-3EFE83E4EB03} = {A6D65446-9B78-4C47-B47B-755B0AD34191}
		{D6D2EF38-99EE-4F13-A4F3-6B5E81C52382} = {A5D1F19D-C564-41F7-A2ED-3EFE83E4EB03}
		{AE30F081-F706-45EF-9276-32C4C9FD2099} = {A5D1F19D-C564-41F7-A2ED-3EFE83E4EB03}
		{37765283-AC7D-4525-80C3-743EBDC0B19F} = {0B1B359D-583B-4219-9B29-18C86FE1E5E8}
		{99A4239F-01D8-4FD1-884E-0C239D795289} = {95A1440E-316F-418E-AECF-820DC3E8E0EA}
		{49B560DC-97FC-403D-9532-35C775295653} = {D15FB30C-80BD-4029-B1E0-77AED9F379B4}
		{45D878B0-34D6-49A2-9700-163A71D509EA} = {95A1440E-316F-418E-AECF-820DC3E8E0EA}
	EndGlobalSection
	GlobalSection(ExtensibilityGlobals) = postSolution
		SolutionGuid = {89D9C753-E366-4311-9406-9B72C7D27245}
	EndGlobalSection
EndGlobal
